
Microsoft Visual Studio Solution File, Format Version 12.00
# Visual Studio Version 17
VisualStudioVersion = 17.9.34728.123
MinimumVisualStudioVersion = 10.0.40219.1
Project("{2150E333-8FDC-42A3-9474-1A3956D46DE8}") = "FrontEnd", "FrontEnd", "{4A18DFC4-7578-4320-9228-E1B124A1AEF6}"
EndProject
Project("{2150E333-8FDC-42A3-9474-1A3956D46DE8}") = "Services", "Services", "{FE97A268-DABE-4184-ACD4-505D343A58B2}"
EndProject
Project("{9A19103F-16F7-4668-BE54-9A1E7A4F7556}") = "GeekShopping.ProductAPI", "Services\GeekShooping.ProductAPI\GeekShopping.ProductAPI.csproj", "{B7155F61-1753-46A0-B974-8A64C9AF283F}"
EndProject
Project("{9A19103F-16F7-4668-BE54-9A1E7A4F7556}") = "GeekShopping.Web", "GeekShopping.Web\GeekShopping.Web.csproj", "{D02CE40E-96AF-4771-810A-E3B24B51E4EB}"
EndProject
Project("{FAE04EC0-301F-11D3-BF4B-00C04F79EFBC}") = "GeekShopping.IdentityServer", "Services\GeekShopping.IdentityServer\GeekShopping.IdentityServer.csproj", "{B0D25EDF-85F1-4137-8E30-DADEC36B2D54}"
EndProject
Global
	GlobalSection(SolutionConfigurationPlatforms) = preSolution
		Debug|Any CPU = Debug|Any CPU
		Release|Any CPU = Release|Any CPU
	EndGlobalSection
	GlobalSection(ProjectConfigurationPlatforms) = postSolution
		{B7155F61-1753-46A0-B974-8A64C9AF283F}.Debug|Any CPU.ActiveCfg = Debug|Any CPU
		{B7155F61-1753-46A0-B974-8A64C9AF283F}.Debug|Any CPU.Build.0 = Debug|Any CPU
		{B7155F61-1753-46A0-B974-8A64C9AF283F}.Release|Any CPU.ActiveCfg = Release|Any CPU
		{B7155F61-1753-46A0-B974-8A64C9AF283F}.Release|Any CPU.Build.0 = Release|Any CPU
		{D02CE40E-96AF-4771-810A-E3B24B51E4EB}.Debug|Any CPU.ActiveCfg = Debug|Any CPU
		{D02CE40E-96AF-4771-810A-E3B24B51E4EB}.Debug|Any CPU.Build.0 = Debug|Any CPU
		{D02CE40E-96AF-4771-810A-E3B24B51E4EB}.Release|Any CPU.ActiveCfg = Release|Any CPU
		{D02CE40E-96AF-4771-810A-E3B24B51E4EB}.Release|Any CPU.Build.0 = Release|Any CPU
		{B0D25EDF-85F1-4137-8E30-DADEC36B2D54}.Debug|Any CPU.ActiveCfg = Debug|Any CPU
		{B0D25EDF-85F1-4137-8E30-DADEC36B2D54}.Debug|Any CPU.Build.0 = Debug|Any CPU
		{B0D25EDF-85F1-4137-8E30-DADEC36B2D54}.Release|Any CPU.ActiveCfg = Release|Any CPU
		{B0D25EDF-85F1-4137-8E30-DADEC36B2D54}.Release|Any CPU.Build.0 = Release|Any CPU
	EndGlobalSection
	GlobalSection(SolutionProperties) = preSolution
		HideSolutionNode = FALSE
	EndGlobalSection
	GlobalSection(NestedProjects) = preSolution
		{B7155F61-1753-46A0-B974-8A64C9AF283F} = {FE97A268-DABE-4184-ACD4-505D343A58B2}
		{D02CE40E-96AF-4771-810A-E3B24B51E4EB} = {4A18DFC4-7578-4320-9228-E1B124A1AEF6}
		{B0D25EDF-85F1-4137-8E30-DADEC36B2D54} = {FE97A268-DABE-4184-ACD4-505D343A58B2}
	EndGlobalSection
	GlobalSection(ExtensibilityGlobals) = postSolution
		SolutionGuid = {E38B4414-E950-4335-994C-77875DC6D986}
	EndGlobalSection
EndGlobal
